
Microsoft Visual Studio Solution File, Format Version 12.00
# Visual Studio Version 16
VisualStudioVersion = 16.0.31624.102
MinimumVisualStudioVersion = 10.0.40219.1
Project("{FAE04EC0-301F-11D3-BF4B-00C04F79EFBC}") = "Banken", "Banken\Banken.csproj", "{19AC114F-F685-4890-B177-78127410E5F5}"
EndProject
Global
	GlobalSection(SolutionConfigurationPlatforms) = preSolution
		Debug|Any CPU = Debug|Any CPU
		Release|Any CPU = Release|Any CPU
	EndGlobalSection
	GlobalSection(ProjectConfigurationPlatforms) = postSolution
		{19AC114F-F685-4890-B177-78127410E5F5}.Debug|Any CPU.ActiveCfg = Debug|Any CPU
		{19AC114F-F685-4890-B177-78127410E5F5}.Debug|Any CPU.Build.0 = Debug|Any CPU
		{19AC114F-F685-4890-B177-78127410E5F5}.Release|Any CPU.ActiveCfg = Release|Any CPU
		{19AC114F-F685-4890-B177-78127410E5F5}.Release|Any CPU.Build.0 = Release|Any CPU
	EndGlobalSection
	GlobalSection(SolutionProperties) = preSolution
		HideSolutionNode = FALSE
	EndGlobalSection
	GlobalSection(ExtensibilityGlobals) = postSolution
		SolutionGuid = {9BDC7BBA-242E-409A-B922-94C99BA2C038}
	EndGlobalSection
EndGlobal
